
Microsoft Visual Studio Solution File, Format Version 11.00
# Visual Studio 2010
Project("{8BC9CEB8-8B4A-11D0-8D11-00A0C91BC942}") = "TP3", "TP3\TP3.vcxproj", "{D161336D-F08B-4282-B376-37F5710C00E8}"
EndProject
Project("{F088123C-0E9E-452A-89E6-6BA2F21D5CAC}") = "ModelingProject1TP3", "ModelingProject1TP3\ModelingProject1TP3.modelproj", "{0AA059EB-3E4F-4C44-B5C8-7E4C5B07B2F2}"
EndProject
Global
	GlobalSection(SolutionConfigurationPlatforms) = preSolution
		Debug|Any CPU = Debug|Any CPU
		Debug|Mixed Platforms = Debug|Mixed Platforms
		Debug|Win32 = Debug|Win32
		Release|Any CPU = Release|Any CPU
		Release|Mixed Platforms = Release|Mixed Platforms
		Release|Win32 = Release|Win32
	EndGlobalSection
	GlobalSection(ProjectConfigurationPlatforms) = postSolution
		{D161336D-F08B-4282-B376-37F5710C00E8}.Debug|Any CPU.ActiveCfg = Debug|Win32
		{D161336D-F08B-4282-B376-37F5710C00E8}.Debug|Mixed Platforms.ActiveCfg = Debug|Win32
		{D161336D-F08B-4282-B376-37F5710C00E8}.Debug|Mixed Platforms.Build.0 = Debug|Win32
		{D161336D-F08B-4282-B376-37F5710C00E8}.Debug|Win32.ActiveCfg = Debug|Win32
		{D161336D-F08B-4282-B376-37F5710C00E8}.Debug|Win32.Build.0 = Debug|Win32
		{D161336D-F08B-4282-B376-37F5710C00E8}.Release|Any CPU.ActiveCfg = Release|Win32
		{D161336D-F08B-4282-B376-37F5710C00E8}.Release|Mixed Platforms.ActiveCfg = Release|Win32
		{D161336D-F08B-4282-B376-37F5710C00E8}.Release|Mixed Platforms.Build.0 = Release|Win32
		{D161336D-F08B-4282-B376-37F5710C00E8}.Release|Win32.ActiveCfg = Release|Win32
		{D161336D-F08B-4282-B376-37F5710C00E8}.Release|Win32.Build.0 = Release|Win32
		{0AA059EB-3E4F-4C44-B5C8-7E4C5B07B2F2}.Debug|Any CPU.ActiveCfg = Debug|Any CPU
		{0AA059EB-3E4F-4C44-B5C8-7E4C5B07B2F2}.Debug|Any CPU.Build.0 = Debug|Any CPU
		{0AA059EB-3E4F-4C44-B5C8-7E4C5B07B2F2}.Debug|Mixed Platforms.ActiveCfg = Debug|Any CPU
		{0AA059EB-3E4F-4C44-B5C8-7E4C5B07B2F2}.Debug|Mixed Platforms.Build.0 = Debug|Any CPU
		{0AA059EB-3E4F-4C44-B5C8-7E4C5B07B2F2}.Debug|Win32.ActiveCfg = Debug|Any CPU
		{0AA059EB-3E4F-4C44-B5C8-7E4C5B07B2F2}.Release|Any CPU.ActiveCfg = Release|Any CPU
		{0AA059EB-3E4F-4C44-B5C8-7E4C5B07B2F2}.Release|Any CPU.Build.0 = Release|Any CPU
		{0AA059EB-3E4F-4C44-B5C8-7E4C5B07B2F2}.Release|Mixed Platforms.ActiveCfg = Release|Any CPU
		{0AA059EB-3E4F-4C44-B5C8-7E4C5B07B2F2}.Release|Mixed Platforms.Build.0 = Release|Any CPU
		{0AA059EB-3E4F-4C44-B5C8-7E4C5B07B2F2}.Release|Win32.ActiveCfg = Release|Any CPU
	EndGlobalSection
	GlobalSection(SolutionProperties) = preSolution
		HideSolutionNode = FALSE
	EndGlobalSection
EndGlobal
