
Microsoft Visual Studio Solution File, Format Version 11.00
# Visual Studio 2010
Project("{F088123C-0E9E-452A-89E6-6BA2F21D5CAC}") = "CanonNoir", "CanonNoir\CanonNoir.modelproj", "{A12366F9-6745-4EB1-A008-E52F1F74BAB5}"
EndProject
Project("{FAE04EC0-301F-11D3-BF4B-00C04F79EFBC}") = "CanonNoirLib", "CanonNoirLib\CanonNoirLib.csproj", "{FF059CC3-75A5-4C46-A5EC-F989948CE249}"
EndProject
Global
	GlobalSection(SolutionConfigurationPlatforms) = preSolution
		Debug|Any CPU = Debug|Any CPU
		Release|Any CPU = Release|Any CPU
	EndGlobalSection
	GlobalSection(ProjectConfigurationPlatforms) = postSolution
		{A12366F9-6745-4EB1-A008-E52F1F74BAB5}.Debug|Any CPU.ActiveCfg = Debug|Any CPU
		{A12366F9-6745-4EB1-A008-E52F1F74BAB5}.Debug|Any CPU.Build.0 = Debug|Any CPU
		{A12366F9-6745-4EB1-A008-E52F1F74BAB5}.Release|Any CPU.ActiveCfg = Release|Any CPU
		{A12366F9-6745-4EB1-A008-E52F1F74BAB5}.Release|Any CPU.Build.0 = Release|Any CPU
		{FF059CC3-75A5-4C46-A5EC-F989948CE249}.Debug|Any CPU.ActiveCfg = Debug|Any CPU
		{FF059CC3-75A5-4C46-A5EC-F989948CE249}.Debug|Any CPU.Build.0 = Debug|Any CPU
		{FF059CC3-75A5-4C46-A5EC-F989948CE249}.Release|Any CPU.ActiveCfg = Release|Any CPU
		{FF059CC3-75A5-4C46-A5EC-F989948CE249}.Release|Any CPU.Build.0 = Release|Any CPU
	EndGlobalSection
	GlobalSection(SolutionProperties) = preSolution
		HideSolutionNode = FALSE
	EndGlobalSection
EndGlobal
