
Microsoft Visual Studio Solution File, Format Version 11.00
# Visual Studio 2010
Project("{F088123C-0E9E-452A-89E6-6BA2F21D5CAC}") = "ModelingProjectTP3", "ModelingProjectTP3\ModelingProjectTP3.modelproj", "{CA32A401-A94F-4A10-9B0A-697BF96BC853}"
EndProject
Global
	GlobalSection(SolutionConfigurationPlatforms) = preSolution
		Debug|Any CPU = Debug|Any CPU
		Release|Any CPU = Release|Any CPU
	EndGlobalSection
	GlobalSection(ProjectConfigurationPlatforms) = postSolution
		{CA32A401-A94F-4A10-9B0A-697BF96BC853}.Debug|Any CPU.ActiveCfg = Debug|Any CPU
		{CA32A401-A94F-4A10-9B0A-697BF96BC853}.Debug|Any CPU.Build.0 = Debug|Any CPU
		{CA32A401-A94F-4A10-9B0A-697BF96BC853}.Release|Any CPU.ActiveCfg = Release|Any CPU
		{CA32A401-A94F-4A10-9B0A-697BF96BC853}.Release|Any CPU.Build.0 = Release|Any CPU
	EndGlobalSection
	GlobalSection(SolutionProperties) = preSolution
		HideSolutionNode = FALSE
	EndGlobalSection
EndGlobal
